// !$*UTF8*$!
{
	archiveVersion = 1;
	classes = {
	};
	objectVersion = 55;
	objects = {

/* Begin PBXBuildFile section */
		5278BFF5284DB02200835B9B /* HorizontalCollectionCell.swift in Sources */ = {isa = PBXBuildFile; fileRef = 5278BFF3284DB02200835B9B /* HorizontalCollectionCell.swift */; };
		5278BFF6284DB02200835B9B /* HorizontalCollectionCell.xib in Resources */ = {isa = PBXBuildFile; fileRef = 5278BFF4284DB02200835B9B /* HorizontalCollectionCell.xib */; };
		52E40FE72849ACE8007B34EB /* AppDelegate.swift in Sources */ = {isa = PBXBuildFile; fileRef = 52E40FE62849ACE8007B34EB /* AppDelegate.swift */; };
		52E40FE92849ACE8007B34EB /* SceneDelegate.swift in Sources */ = {isa = PBXBuildFile; fileRef = 52E40FE82849ACE8007B34EB /* SceneDelegate.swift */; };
		52E40FEB2849ACE8007B34EB /* ViewController.swift in Sources */ = {isa = PBXBuildFile; fileRef = 52E40FEA2849ACE8007B34EB /* ViewController.swift */; };
		52E40FEE2849ACE8007B34EB /* Main.storyboard in Resources */ = {isa = PBXBuildFile; fileRef = 52E40FEC2849ACE8007B34EB /* Main.storyboard */; };
		52E40FF02849ACEB007B34EB /* Assets.xcassets in Resources */ = {isa = PBXBuildFile; fileRef = 52E40FEF2849ACEB007B34EB /* Assets.xcassets */; };
		52E40FF32849ACEB007B34EB /* LaunchScreen.storyboard in Resources */ = {isa = PBXBuildFile; fileRef = 52E40FF12849ACEB007B34EB /* LaunchScreen.storyboard */; };
		52E410132849C17B007B34EB /* RegularCell.swift in Sources */ = {isa = PBXBuildFile; fileRef = 52E410112849C17B007B34EB /* RegularCell.swift */; };
		52E410142849C17B007B34EB /* RegularCell.xib in Resources */ = {isa = PBXBuildFile; fileRef = 52E410122849C17B007B34EB /* RegularCell.xib */; };
		52E410172849C36D007B34EB /* SmallCell.swift in Sources */ = {isa = PBXBuildFile; fileRef = 52E410152849C36D007B34EB /* SmallCell.swift */; };
		52E410182849C36D007B34EB /* SmallCell.xib in Resources */ = {isa = PBXBuildFile; fileRef = 52E410162849C36D007B34EB /* SmallCell.xib */; };
		52E4101C2849EE8D007B34EB /* HorizontalCollectionViewCell.swift in Sources */ = {isa = PBXBuildFile; fileRef = 52E4101A2849EE8D007B34EB /* HorizontalCollectionViewCell.swift */; };
		52E4101D2849EE8D007B34EB /* HorizontalCollectionViewCell.xib in Resources */ = {isa = PBXBuildFile; fileRef = 52E4101B2849EE8D007B34EB /* HorizontalCollectionViewCell.xib */; };
		52E410212849F1B3007B34EB /* HorizontalCell.swift in Sources */ = {isa = PBXBuildFile; fileRef = 52E4101F2849F1B3007B34EB /* HorizontalCell.swift */; };
		52E410222849F1B3007B34EB /* HorizontalCell.xib in Resources */ = {isa = PBXBuildFile; fileRef = 52E410202849F1B3007B34EB /* HorizontalCell.xib */; };
		ED33E4D52851D4B100C3ACFB /* CollapseCell.swift in Sources */ = {isa = PBXBuildFile; fileRef = ED33E4D32851D4B100C3ACFB /* CollapseCell.swift */; };
		ED33E4D62851D4B100C3ACFB /* CollapseCell.xib in Resources */ = {isa = PBXBuildFile; fileRef = ED33E4D42851D4B100C3ACFB /* CollapseCell.xib */; };
		ED54141D2852FFD7003146FA /* VideoCell.swift in Sources */ = {isa = PBXBuildFile; fileRef = ED54141B2852FFD7003146FA /* VideoCell.swift */; };
		ED54141E2852FFD7003146FA /* VideoCell.xib in Resources */ = {isa = PBXBuildFile; fileRef = ED54141C2852FFD7003146FA /* VideoCell.xib */; };
		ED54142228531AD4003146FA /* RankingCollectionCell.swift in Sources */ = {isa = PBXBuildFile; fileRef = ED54142028531AD4003146FA /* RankingCollectionCell.swift */; };
		ED54142328531AD4003146FA /* RankingCollectionCell.xib in Resources */ = {isa = PBXBuildFile; fileRef = ED54142128531AD4003146FA /* RankingCollectionCell.xib */; };
		ED54142728531B29003146FA /* RankingCell.swift in Sources */ = {isa = PBXBuildFile; fileRef = ED54142528531B29003146FA /* RankingCell.swift */; };
		ED54142828531B29003146FA /* RankingCell.xib in Resources */ = {isa = PBXBuildFile; fileRef = ED54142628531B29003146FA /* RankingCell.xib */; };
		ED652F25285831A200E31C98 /* CollectionCellButton.swift in Sources */ = {isa = PBXBuildFile; fileRef = ED652F23285831A200E31C98 /* CollectionCellButton.swift */; };
		ED652F26285831A200E31C98 /* CollectionCellButton.xib in Resources */ = {isa = PBXBuildFile; fileRef = ED652F24285831A200E31C98 /* CollectionCellButton.xib */; };
/* End PBXBuildFile section */

/* Begin PBXFileReference section */
		5278BFF3284DB02200835B9B /* HorizontalCollectionCell.swift */ = {isa = PBXFileReference; lastKnownFileType = sourcecode.swift; path = HorizontalCollectionCell.swift; sourceTree = "<group>"; };
		5278BFF4284DB02200835B9B /* HorizontalCollectionCell.xib */ = {isa = PBXFileReference; lastKnownFileType = file.xib; path = HorizontalCollectionCell.xib; sourceTree = "<group>"; };
		52E40FE32849ACE8007B34EB /* DocomoView.app */ = {isa = PBXFileReference; explicitFileType = wrapper.application; includeInIndex = 0; path = DocomoView.app; sourceTree = BUILT_PRODUCTS_DIR; };
		52E40FE62849ACE8007B34EB /* AppDelegate.swift */ = {isa = PBXFileReference; lastKnownFileType = sourcecode.swift; path = AppDelegate.swift; sourceTree = "<group>"; };
		52E40FE82849ACE8007B34EB /* SceneDelegate.swift */ = {isa = PBXFileReference; lastKnownFileType = sourcecode.swift; path = SceneDelegate.swift; sourceTree = "<group>"; };
		52E40FEA2849ACE8007B34EB /* ViewController.swift */ = {isa = PBXFileReference; lastKnownFileType = sourcecode.swift; path = ViewController.swift; sourceTree = "<group>"; };
		52E40FED2849ACE8007B34EB /* Base */ = {isa = PBXFileReference; lastKnownFileType = file.storyboard; name = Base; path = Base.lproj/Main.storyboard; sourceTree = "<group>"; };
		52E40FEF2849ACEB007B34EB /* Assets.xcassets */ = {isa = PBXFileReference; lastKnownFileType = folder.assetcatalog; path = Assets.xcassets; sourceTree = "<group>"; };
		52E40FF22849ACEB007B34EB /* Base */ = {isa = PBXFileReference; lastKnownFileType = file.storyboard; name = Base; path = Base.lproj/LaunchScreen.storyboard; sourceTree = "<group>"; };
		52E40FF42849ACEB007B34EB /* Info.plist */ = {isa = PBXFileReference; lastKnownFileType = text.plist.xml; path = Info.plist; sourceTree = "<group>"; };
		52E410112849C17B007B34EB /* RegularCell.swift */ = {isa = PBXFileReference; lastKnownFileType = sourcecode.swift; path = RegularCell.swift; sourceTree = "<group>"; };
		52E410122849C17B007B34EB /* RegularCell.xib */ = {isa = PBXFileReference; lastKnownFileType = file.xib; path = RegularCell.xib; sourceTree = "<group>"; };
		52E410152849C36D007B34EB /* SmallCell.swift */ = {isa = PBXFileReference; lastKnownFileType = sourcecode.swift; path = SmallCell.swift; sourceTree = "<group>"; };
		52E410162849C36D007B34EB /* SmallCell.xib */ = {isa = PBXFileReference; lastKnownFileType = file.xib; path = SmallCell.xib; sourceTree = "<group>"; };
		52E4101A2849EE8D007B34EB /* HorizontalCollectionViewCell.swift */ = {isa = PBXFileReference; lastKnownFileType = sourcecode.swift; path = HorizontalCollectionViewCell.swift; sourceTree = "<group>"; };
		52E4101B2849EE8D007B34EB /* HorizontalCollectionViewCell.xib */ = {isa = PBXFileReference; lastKnownFileType = file.xib; path = HorizontalCollectionViewCell.xib; sourceTree = "<group>"; };
		52E4101F2849F1B3007B34EB /* HorizontalCell.swift */ = {isa = PBXFileReference; lastKnownFileType = sourcecode.swift; path = HorizontalCell.swift; sourceTree = "<group>"; };
		52E410202849F1B3007B34EB /* HorizontalCell.xib */ = {isa = PBXFileReference; lastKnownFileType = file.xib; path = HorizontalCell.xib; sourceTree = "<group>"; };
		ED33E4D32851D4B100C3ACFB /* CollapseCell.swift */ = {isa = PBXFileReference; lastKnownFileType = sourcecode.swift; path = CollapseCell.swift; sourceTree = "<group>"; };
		ED33E4D42851D4B100C3ACFB /* CollapseCell.xib */ = {isa = PBXFileReference; lastKnownFileType = file.xib; path = CollapseCell.xib; sourceTree = "<group>"; };
		ED54141B2852FFD7003146FA /* VideoCell.swift */ = {isa = PBXFileReference; lastKnownFileType = sourcecode.swift; path = VideoCell.swift; sourceTree = "<group>"; };
		ED54141C2852FFD7003146FA /* VideoCell.xib */ = {isa = PBXFileReference; lastKnownFileType = file.xib; path = VideoCell.xib; sourceTree = "<group>"; };
		ED54142028531AD4003146FA /* RankingCollectionCell.swift */ = {isa = PBXFileReference; lastKnownFileType = sourcecode.swift; path = RankingCollectionCell.swift; sourceTree = "<group>"; };
		ED54142128531AD4003146FA /* RankingCollectionCell.xib */ = {isa = PBXFileReference; lastKnownFileType = file.xib; path = RankingCollectionCell.xib; sourceTree = "<group>"; };
		ED54142528531B29003146FA /* RankingCell.swift */ = {isa = PBXFileReference; lastKnownFileType = sourcecode.swift; path = RankingCell.swift; sourceTree = "<group>"; };
		ED54142628531B29003146FA /* RankingCell.xib */ = {isa = PBXFileReference; lastKnownFileType = file.xib; path = RankingCell.xib; sourceTree = "<group>"; };
		ED652F23285831A200E31C98 /* CollectionCellButton.swift */ = {isa = PBXFileReference; lastKnownFileType = sourcecode.swift; path = CollectionCellButton.swift; sourceTree = "<group>"; };
		ED652F24285831A200E31C98 /* CollectionCellButton.xib */ = {isa = PBXFileReference; lastKnownFileType = file.xib; path = CollectionCellButton.xib; sourceTree = "<group>"; };
/* End PBXFileReference section */

/* Begin PBXFrameworksBuildPhase section */
		52E40FE02849ACE8007B34EB /* Frameworks */ = {
			isa = PBXFrameworksBuildPhase;
			buildActionMask = 2147483647;
			files = (
			);
			runOnlyForDeploymentPostprocessing = 0;
		};
/* End PBXFrameworksBuildPhase section */

/* Begin PBXGroup section */
		5278BFF2284DAFB400835B9B /* HorizontalCollectionView */ = {
			isa = PBXGroup;
			children = (
				5278BFF3284DB02200835B9B /* HorizontalCollectionCell.swift */,
				5278BFF4284DB02200835B9B /* HorizontalCollectionCell.xib */,
			);
			name = HorizontalCollectionView;
			sourceTree = "<group>";
		};
		52E40FDA2849ACE8007B34EB = {
			isa = PBXGroup;
			children = (
				52E40FE52849ACE8007B34EB /* DocomoView */,
				52E40FE42849ACE8007B34EB /* Products */,
			);
			sourceTree = "<group>";
		};
		52E40FE42849ACE8007B34EB /* Products */ = {
			isa = PBXGroup;
			children = (
				52E40FE32849ACE8007B34EB /* DocomoView.app */,
			);
			name = Products;
			sourceTree = "<group>";
		};
		52E40FE52849ACE8007B34EB /* DocomoView */ = {
			isa = PBXGroup;
			children = (
				52E40FE62849ACE8007B34EB /* AppDelegate.swift */,
				52E40FE82849ACE8007B34EB /* SceneDelegate.swift */,
				52E40FFA2849ADFF007B34EB /* ViewController */,
				52E40FFB2849B025007B34EB /* RegularCell */,
				52E410082849BCFF007B34EB /* SmallCell */,
				52E4101E2849F198007B34EB /* HorizontalCell */,
				5278BFF2284DAFB400835B9B /* HorizontalCollectionView */,
				52E410192849EE4D007B34EB /* HorizontalCollectionViewCellNextBackButton */,
				ED5414182852FF9F003146FA /* VideoCell */,
				ED54141F28531AA4003146FA /* RankingCollection */,
				52E40FEF2849ACEB007B34EB /* Assets.xcassets */,
				52E40FEC2849ACE8007B34EB /* Main.storyboard */,
				52E40FF12849ACEB007B34EB /* LaunchScreen.storyboard */,
				52E40FF42849ACEB007B34EB /* Info.plist */,
			);
			path = DocomoView;
			sourceTree = "<group>";
		};
		52E40FFA2849ADFF007B34EB /* ViewController */ = {
			isa = PBXGroup;
			children = (
				52E40FEA2849ACE8007B34EB /* ViewController.swift */,
			);
			path = ViewController;
			sourceTree = "<group>";
		};
		52E40FFB2849B025007B34EB /* RegularCell */ = {
			isa = PBXGroup;
			children = (
				52E410112849C17B007B34EB /* RegularCell.swift */,
				52E410122849C17B007B34EB /* RegularCell.xib */,
			);
			name = RegularCell;
			sourceTree = "<group>";
		};
		52E410082849BCFF007B34EB /* SmallCell */ = {
			isa = PBXGroup;
			children = (
				52E410152849C36D007B34EB /* SmallCell.swift */,
				52E410162849C36D007B34EB /* SmallCell.xib */,
			);
			name = SmallCell;
			sourceTree = "<group>";
		};
		52E410192849EE4D007B34EB /* HorizontalCollectionViewCellNextBackButton */ = {
			isa = PBXGroup;
			children = (
				52E4101A2849EE8D007B34EB /* HorizontalCollectionViewCell.swift */,
				52E4101B2849EE8D007B34EB /* HorizontalCollectionViewCell.xib */,
				ED652F222858312800E31C98 /* CollectionCellButton */,
				ED33E4D22851D49500C3ACFB /* CollapseCell */,
			);
			name = HorizontalCollectionViewCellNextBackButton;
			sourceTree = "<group>";
		};
		52E4101E2849F198007B34EB /* HorizontalCell */ = {
			isa = PBXGroup;
			children = (
				52E4101F2849F1B3007B34EB /* HorizontalCell.swift */,
				52E410202849F1B3007B34EB /* HorizontalCell.xib */,
			);
			name = HorizontalCell;
			sourceTree = "<group>";
		};
		ED33E4D22851D49500C3ACFB /* CollapseCell */ = {
			isa = PBXGroup;
			children = (
				ED33E4D32851D4B100C3ACFB /* CollapseCell.swift */,
				ED33E4D42851D4B100C3ACFB /* CollapseCell.xib */,
			);
			name = CollapseCell;
			sourceTree = "<group>";
		};
		ED5414182852FF9F003146FA /* VideoCell */ = {
			isa = PBXGroup;
			children = (
				ED54141B2852FFD7003146FA /* VideoCell.swift */,
				ED54141C2852FFD7003146FA /* VideoCell.xib */,
			);
			name = VideoCell;
			sourceTree = "<group>";
		};
		ED54141F28531AA4003146FA /* RankingCollection */ = {
			isa = PBXGroup;
			children = (
				ED54142028531AD4003146FA /* RankingCollectionCell.swift */,
				ED54142128531AD4003146FA /* RankingCollectionCell.xib */,
				ED54142428531B0F003146FA /* RankingCell */,
			);
			name = RankingCollection;
			sourceTree = "<group>";
		};
		ED54142428531B0F003146FA /* RankingCell */ = {
			isa = PBXGroup;
			children = (
				ED54142528531B29003146FA /* RankingCell.swift */,
				ED54142628531B29003146FA /* RankingCell.xib */,
			);
			name = RankingCell;
			sourceTree = "<group>";
		};
		ED652F222858312800E31C98 /* CollectionCellButton */ = {
			isa = PBXGroup;
			children = (
				ED652F23285831A200E31C98 /* CollectionCellButton.swift */,
				ED652F24285831A200E31C98 /* CollectionCellButton.xib */,
			);
			name = CollectionCellButton;
			sourceTree = "<group>";
		};
/* End PBXGroup section */

/* Begin PBXNativeTarget section */
		52E40FE22849ACE8007B34EB /* DocomoView */ = {
			isa = PBXNativeTarget;
			buildConfigurationList = 52E40FF72849ACEB007B34EB /* Build configuration list for PBXNativeTarget "DocomoView" */;
			buildPhases = (
				52E40FDF2849ACE8007B34EB /* Sources */,
				52E40FE02849ACE8007B34EB /* Frameworks */,
				52E40FE12849ACE8007B34EB /* Resources */,
			);
			buildRules = (
			);
			dependencies = (
			);
			name = DocomoView;
			productName = DocomoView;
			productReference = 52E40FE32849ACE8007B34EB /* DocomoView.app */;
			productType = "com.apple.product-type.application";
		};
/* End PBXNativeTarget section */

/* Begin PBXProject section */
		52E40FDB2849ACE8007B34EB /* Project object */ = {
			isa = PBXProject;
			attributes = {
				BuildIndependentTargetsInParallel = 1;
				LastSwiftUpdateCheck = 1320;
				LastUpgradeCheck = 1320;
				TargetAttributes = {
					52E40FE22849ACE8007B34EB = {
						CreatedOnToolsVersion = 13.2.1;
					};
				};
			};
			buildConfigurationList = 52E40FDE2849ACE8007B34EB /* Build configuration list for PBXProject "DocomoView" */;
			compatibilityVersion = "Xcode 13.0";
			developmentRegion = en;
			hasScannedForEncodings = 0;
			knownRegions = (
				en,
				Base,
			);
			mainGroup = 52E40FDA2849ACE8007B34EB;
			productRefGroup = 52E40FE42849ACE8007B34EB /* Products */;
			projectDirPath = "";
			projectRoot = "";
			targets = (
				52E40FE22849ACE8007B34EB /* DocomoView */,
			);
		};
/* End PBXProject section */

/* Begin PBXResourcesBuildPhase section */
		52E40FE12849ACE8007B34EB /* Resources */ = {
			isa = PBXResourcesBuildPhase;
			buildActionMask = 2147483647;
			files = (
				ED54142328531AD4003146FA /* RankingCollectionCell.xib in Resources */,
				52E410142849C17B007B34EB /* RegularCell.xib in Resources */,
				52E410182849C36D007B34EB /* SmallCell.xib in Resources */,
				ED54141E2852FFD7003146FA /* VideoCell.xib in Resources */,
				ED652F26285831A200E31C98 /* CollectionCellButton.xib in Resources */,
				52E410222849F1B3007B34EB /* HorizontalCell.xib in Resources */,
				5278BFF6284DB02200835B9B /* HorizontalCollectionCell.xib in Resources */,
				ED33E4D62851D4B100C3ACFB /* CollapseCell.xib in Resources */,
				ED54142828531B29003146FA /* RankingCell.xib in Resources */,
				52E4101D2849EE8D007B34EB /* HorizontalCollectionViewCell.xib in Resources */,
				52E40FF32849ACEB007B34EB /* LaunchScreen.storyboard in Resources */,
				52E40FF02849ACEB007B34EB /* Assets.xcassets in Resources */,
				52E40FEE2849ACE8007B34EB /* Main.storyboard in Resources */,
			);
			runOnlyForDeploymentPostprocessing = 0;
		};
/* End PBXResourcesBuildPhase section */

/* Begin PBXSourcesBuildPhase section */
		52E40FDF2849ACE8007B34EB /* Sources */ = {
			isa = PBXSourcesBuildPhase;
			buildActionMask = 2147483647;
			files = (
				ED652F25285831A200E31C98 /* CollectionCellButton.swift in Sources */,
				52E410212849F1B3007B34EB /* HorizontalCell.swift in Sources */,
				52E410172849C36D007B34EB /* SmallCell.swift in Sources */,
				ED54142728531B29003146FA /* RankingCell.swift in Sources */,
				52E40FEB2849ACE8007B34EB /* ViewController.swift in Sources */,
				ED54142228531AD4003146FA /* RankingCollectionCell.swift in Sources */,
				52E40FE72849ACE8007B34EB /* AppDelegate.swift in Sources */,
				52E40FE92849ACE8007B34EB /* SceneDelegate.swift in Sources */,
				52E4101C2849EE8D007B34EB /* HorizontalCollectionViewCell.swift in Sources */,
				ED54141D2852FFD7003146FA /* VideoCell.swift in Sources */,
				ED33E4D52851D4B100C3ACFB /* CollapseCell.swift in Sources */,
				52E410132849C17B007B34EB /* RegularCell.swift in Sources */,
				5278BFF5284DB02200835B9B /* HorizontalCollectionCell.swift in Sources */,
			);
			runOnlyForDeploymentPostprocessing = 0;
		};
/* End PBXSourcesBuildPhase section */

/* Begin PBXVariantGroup section */
		52E40FEC2849ACE8007B34EB /* Main.storyboard */ = {
			isa = PBXVariantGroup;
			children = (
				52E40FED2849ACE8007B34EB /* Base */,
			);
			name = Main.storyboard;
			sourceTree = "<group>";
		};
		52E40FF12849ACEB007B34EB /* LaunchScreen.storyboard */ = {
			isa = PBXVariantGroup;
			children = (
				52E40FF22849ACEB007B34EB /* Base */,
			);
			name = LaunchScreen.storyboard;
			sourceTree = "<group>";
		};
/* End PBXVariantGroup section */

/* Begin XCBuildConfiguration section */
		52E40FF52849ACEB007B34EB /* Debug */ = {
			isa = XCBuildConfiguration;
			buildSettings = {
				ALWAYS_SEARCH_USER_PATHS = NO;
				CLANG_ANALYZER_NONNULL = YES;
				CLANG_ANALYZER_NUMBER_OBJECT_CONVERSION = YES_AGGRESSIVE;
				CLANG_CXX_LANGUAGE_STANDARD = "gnu++17";
				CLANG_CXX_LIBRARY = "libc++";
				CLANG_ENABLE_MODULES = YES;
				CLANG_ENABLE_OBJC_ARC = YES;
				CLANG_ENABLE_OBJC_WEAK = YES;
				CLANG_WARN_BLOCK_CAPTURE_AUTORELEASING = YES;
				CLANG_WARN_BOOL_CONVERSION = YES;
				CLANG_WARN_COMMA = YES;
				CLANG_WARN_CONSTANT_CONVERSION = YES;
				CLANG_WARN_DEPRECATED_OBJC_IMPLEMENTATIONS = YES;
				CLANG_WARN_DIRECT_OBJC_ISA_USAGE = YES_ERROR;
				CLANG_WARN_DOCUMENTATION_COMMENTS = YES;
				CLANG_WARN_EMPTY_BODY = YES;
				CLANG_WARN_ENUM_CONVERSION = YES;
				CLANG_WARN_INFINITE_RECURSION = YES;
				CLANG_WARN_INT_CONVERSION = YES;
				CLANG_WARN_NON_LITERAL_NULL_CONVERSION = YES;
				CLANG_WARN_OBJC_IMPLICIT_RETAIN_SELF = YES;
				CLANG_WARN_OBJC_LITERAL_CONVERSION = YES;
				CLANG_WARN_OBJC_ROOT_CLASS = YES_ERROR;
				CLANG_WARN_QUOTED_INCLUDE_IN_FRAMEWORK_HEADER = YES;
				CLANG_WARN_RANGE_LOOP_ANALYSIS = YES;
				CLANG_WARN_STRICT_PROTOTYPES = YES;
				CLANG_WARN_SUSPICIOUS_MOVE = YES;
				CLANG_WARN_UNGUARDED_AVAILABILITY = YES_AGGRESSIVE;
				CLANG_WARN_UNREACHABLE_CODE = YES;
				CLANG_WARN__DUPLICATE_METHOD_MATCH = YES;
				COPY_PHASE_STRIP = NO;
				DEBUG_INFORMATION_FORMAT = dwarf;
				ENABLE_STRICT_OBJC_MSGSEND = YES;
				ENABLE_TESTABILITY = YES;
				GCC_C_LANGUAGE_STANDARD = gnu11;
				GCC_DYNAMIC_NO_PIC = NO;
				GCC_NO_COMMON_BLOCKS = YES;
				GCC_OPTIMIZATION_LEVEL = 0;
				GCC_PREPROCESSOR_DEFINITIONS = (
					"DEBUG=1",
					"$(inherited)",
				);
				GCC_WARN_64_TO_32_BIT_CONVERSION = YES;
				GCC_WARN_ABOUT_RETURN_TYPE = YES_ERROR;
				GCC_WARN_UNDECLARED_SELECTOR = YES;
				GCC_WARN_UNINITIALIZED_AUTOS = YES_AGGRESSIVE;
				GCC_WARN_UNUSED_FUNCTION = YES;
				GCC_WARN_UNUSED_VARIABLE = YES;
				IPHONEOS_DEPLOYMENT_TARGET = 15.2;
				MTL_ENABLE_DEBUG_INFO = INCLUDE_SOURCE;
				MTL_FAST_MATH = YES;
				ONLY_ACTIVE_ARCH = YES;
				SDKROOT = iphoneos;
				SWIFT_ACTIVE_COMPILATION_CONDITIONS = DEBUG;
				SWIFT_OPTIMIZATION_LEVEL = "-Onone";
			};
			name = Debug;
		};
		52E40FF62849ACEB007B34EB /* Release */ = {
			isa = XCBuildConfiguration;
			buildSettings = {
				ALWAYS_SEARCH_USER_PATHS = NO;
				CLANG_ANALYZER_NONNULL = YES;
				CLANG_ANALYZER_NUMBER_OBJECT_CONVERSION = YES_AGGRESSIVE;
				CLANG_CXX_LANGUAGE_STANDARD = "gnu++17";
				CLANG_CXX_LIBRARY = "libc++";
				CLANG_ENABLE_MODULES = YES;
				CLANG_ENABLE_OBJC_ARC = YES;
				CLANG_ENABLE_OBJC_WEAK = YES;
				CLANG_WARN_BLOCK_CAPTURE_AUTORELEASING = YES;
				CLANG_WARN_BOOL_CONVERSION = YES;
				CLANG_WARN_COMMA = YES;
				CLANG_WARN_CONSTANT_CONVERSION = YES;
				CLANG_WARN_DEPRECATED_OBJC_IMPLEMENTATIONS = YES;
				CLANG_WARN_DIRECT_OBJC_ISA_USAGE = YES_ERROR;
				CLANG_WARN_DOCUMENTATION_COMMENTS = YES;
				CLANG_WARN_EMPTY_BODY = YES;
				CLANG_WARN_ENUM_CONVERSION = YES;
				CLANG_WARN_INFINITE_RECURSION = YES;
				CLANG_WARN_INT_CONVERSION = YES;
				CLANG_WARN_NON_LITERAL_NULL_CONVERSION = YES;
				CLANG_WARN_OBJC_IMPLICIT_RETAIN_SELF = YES;
				CLANG_WARN_OBJC_LITERAL_CONVERSION = YES;
				CLANG_WARN_OBJC_ROOT_CLASS = YES_ERROR;
				CLANG_WARN_QUOTED_INCLUDE_IN_FRAMEWORK_HEADER = YES;
				CLANG_WARN_RANGE_LOOP_ANALYSIS = YES;
				CLANG_WARN_STRICT_PROTOTYPES = YES;
				CLANG_WARN_SUSPICIOUS_MOVE = YES;
				CLANG_WARN_UNGUARDED_AVAILABILITY = YES_AGGRESSIVE;
				CLANG_WARN_UNREACHABLE_CODE = YES;
				CLANG_WARN__DUPLICATE_METHOD_MATCH = YES;
				COPY_PHASE_STRIP = NO;
				DEBUG_INFORMATION_FORMAT = "dwarf-with-dsym";
				ENABLE_NS_ASSERTIONS = NO;
				ENABLE_STRICT_OBJC_MSGSEND = YES;
				GCC_C_LANGUAGE_STANDARD = gnu11;
				GCC_NO_COMMON_BLOCKS = YES;
				GCC_WARN_64_TO_32_BIT_CONVERSION = YES;
				GCC_WARN_ABOUT_RETURN_TYPE = YES_ERROR;
				GCC_WARN_UNDECLARED_SELECTOR = YES;
				GCC_WARN_UNINITIALIZED_AUTOS = YES_AGGRESSIVE;
				GCC_WARN_UNUSED_FUNCTION = YES;
				GCC_WARN_UNUSED_VARIABLE = YES;
				IPHONEOS_DEPLOYMENT_TARGET = 15.2;
				MTL_ENABLE_DEBUG_INFO = NO;
				MTL_FAST_MATH = YES;
				SDKROOT = iphoneos;
				SWIFT_COMPILATION_MODE = wholemodule;
				SWIFT_OPTIMIZATION_LEVEL = "-O";
				VALIDATE_PRODUCT = YES;
			};
			name = Release;
		};
		52E40FF82849ACEB007B34EB /* Debug */ = {
			isa = XCBuildConfiguration;
			buildSettings = {
				ASSETCATALOG_COMPILER_APPICON_NAME = AppIcon;
				ASSETCATALOG_COMPILER_GLOBAL_ACCENT_COLOR_NAME = AccentColor;
				CODE_SIGN_STYLE = Automatic;
				CURRENT_PROJECT_VERSION = 1;
				DEVELOPMENT_TEAM = AQKCQ33V6N;
				GENERATE_INFOPLIST_FILE = YES;
				INFOPLIST_FILE = DocomoView/Info.plist;
				INFOPLIST_KEY_UIApplicationSupportsIndirectInputEvents = YES;
				INFOPLIST_KEY_UILaunchStoryboardName = LaunchScreen;
				INFOPLIST_KEY_UIMainStoryboardFile = Main;
				INFOPLIST_KEY_UISupportedInterfaceOrientations_iPad = "UIInterfaceOrientationPortrait UIInterfaceOrientationPortraitUpsideDown UIInterfaceOrientationLandscapeLeft UIInterfaceOrientationLandscapeRight";
				INFOPLIST_KEY_UISupportedInterfaceOrientations_iPhone = "UIInterfaceOrientationPortrait UIInterfaceOrientationLandscapeLeft UIInterfaceOrientationLandscapeRight";
				LD_RUNPATH_SEARCH_PATHS = (
					"$(inherited)",
					"@executable_path/Frameworks",
				);
				MARKETING_VERSION = 1.0;
				PRODUCT_BUNDLE_IDENTIFIER = NguyenPhucThinh.DocomoView;
				PRODUCT_NAME = "$(TARGET_NAME)";
				SWIFT_EMIT_LOC_STRINGS = YES;
				SWIFT_VERSION = 5.0;
				TARGETED_DEVICE_FAMILY = "1,2";
			};
			name = Debug;
		};
		52E40FF92849ACEB007B34EB /* Release */ = {
			isa = XCBuildConfiguration;
			buildSettings = {
				ASSETCATALOG_COMPILER_APPICON_NAME = AppIcon;
				ASSETCATALOG_COMPILER_GLOBAL_ACCENT_COLOR_NAME = AccentColor;
				CODE_SIGN_STYLE = Automatic;
				CURRENT_PROJECT_VERSION = 1;
				DEVELOPMENT_TEAM = AQKCQ33V6N;
				GENERATE_INFOPLIST_FILE = YES;
				INFOPLIST_FILE = DocomoView/Info.plist;
				INFOPLIST_KEY_UIApplicationSupportsIndirectInputEvents = YES;
				INFOPLIST_KEY_UILaunchStoryboardName = LaunchScreen;
				INFOPLIST_KEY_UIMainStoryboardFile = Main;
				INFOPLIST_KEY_UISupportedInterfaceOrientations_iPad = "UIInterfaceOrientationPortrait UIInterfaceOrientationPortraitUpsideDown UIInterfaceOrientationLandscapeLeft UIInterfaceOrientationLandscapeRight";
				INFOPLIST_KEY_UISupportedInterfaceOrientations_iPhone = "UIInterfaceOrientationPortrait UIInterfaceOrientationLandscapeLeft UIInterfaceOrientationLandscapeRight";
				LD_RUNPATH_SEARCH_PATHS = (
					"$(inherited)",
					"@executable_path/Frameworks",
				);
				MARKETING_VERSION = 1.0;
				PRODUCT_BUNDLE_IDENTIFIER = NguyenPhucThinh.DocomoView;
				PRODUCT_NAME = "$(TARGET_NAME)";
				SWIFT_EMIT_LOC_STRINGS = YES;
				SWIFT_VERSION = 5.0;
				TARGETED_DEVICE_FAMILY = "1,2";
			};
			name = Release;
		};
/* End XCBuildConfiguration section */

/* Begin XCConfigurationList section */
		52E40FDE2849ACE8007B34EB /* Build configuration list for PBXProject "DocomoView" */ = {
			isa = XCConfigurationList;
			buildConfigurations = (
				52E40FF52849ACEB007B34EB /* Debug */,
				52E40FF62849ACEB007B34EB /* Release */,
			);
			defaultConfigurationIsVisible = 0;
			defaultConfigurationName = Release;
		};
		52E40FF72849ACEB007B34EB /* Build configuration list for PBXNativeTarget "DocomoView" */ = {
			isa = XCConfigurationList;
			buildConfigurations = (
				52E40FF82849ACEB007B34EB /* Debug */,
				52E40FF92849ACEB007B34EB /* Release */,
			);
			defaultConfigurationIsVisible = 0;
			defaultConfigurationName = Release;
		};
/* End XCConfigurationList section */
	};
	rootObject = 52E40FDB2849ACE8007B34EB /* Project object */;
}
